
Microsoft Visual Studio Solution File, Format Version 12.00
# Visual Studio 14
VisualStudioVersion = 14.0.25420.1
MinimumVisualStudioVersion = 10.0.40219.1
Project("{FAE04EC0-301F-11D3-BF4B-00C04F79EFBC}") = "PhotoResizer", "PhotoResizeUtility\PhotoResizer.csproj", "{B6B04E88-0924-44D9-AC97-DE48127C3B84}"
EndProject
Project("{FAE04EC0-301F-11D3-BF4B-00C04F79EFBC}") = "PhotoResizerConsole", "PhotoResizerConsole\PhotoResizerConsole.csproj", "{0E9846D6-EAEF-48FE-B009-500A965E0BE3}"
EndProject
Project("{FAE04EC0-301F-11D3-BF4B-00C04F79EFBC}") = "PhotoResizerTest", "PhotoResizerTest\PhotoResizerTest.csproj", "{7DE581D8-9938-47E0-B556-343FC1EF29D5}"
EndProject
Global
	GlobalSection(SolutionConfigurationPlatforms) = preSolution
		Debug|Any CPU = Debug|Any CPU
		Release|Any CPU = Release|Any CPU
	EndGlobalSection
	GlobalSection(ProjectConfigurationPlatforms) = postSolution
		{B6B04E88-0924-44D9-AC97-DE48127C3B84}.Debug|Any CPU.ActiveCfg = Debug|Any CPU
		{B6B04E88-0924-44D9-AC97-DE48127C3B84}.Debug|Any CPU.Build.0 = Debug|Any CPU
		{B6B04E88-0924-44D9-AC97-DE48127C3B84}.Release|Any CPU.ActiveCfg = Release|Any CPU
		{B6B04E88-0924-44D9-AC97-DE48127C3B84}.Release|Any CPU.Build.0 = Release|Any CPU
		{0E9846D6-EAEF-48FE-B009-500A965E0BE3}.Debug|Any CPU.ActiveCfg = Debug|Any CPU
		{0E9846D6-EAEF-48FE-B009-500A965E0BE3}.Debug|Any CPU.Build.0 = Debug|Any CPU
		{0E9846D6-EAEF-48FE-B009-500A965E0BE3}.Release|Any CPU.ActiveCfg = Release|Any CPU
		{0E9846D6-EAEF-48FE-B009-500A965E0BE3}.Release|Any CPU.Build.0 = Release|Any CPU
		{7DE581D8-9938-47E0-B556-343FC1EF29D5}.Debug|Any CPU.ActiveCfg = Debug|Any CPU
		{7DE581D8-9938-47E0-B556-343FC1EF29D5}.Debug|Any CPU.Build.0 = Debug|Any CPU
		{7DE581D8-9938-47E0-B556-343FC1EF29D5}.Release|Any CPU.ActiveCfg = Release|Any CPU
		{7DE581D8-9938-47E0-B556-343FC1EF29D5}.Release|Any CPU.Build.0 = Release|Any CPU
	EndGlobalSection
	GlobalSection(SolutionProperties) = preSolution
		HideSolutionNode = FALSE
	EndGlobalSection
EndGlobal
